
Microsoft Visual Studio Solution File, Format Version 12.00
# Visual Studio Version 16
VisualStudioVersion = 16.0.31105.61
MinimumVisualStudioVersion = 10.0.40219.1
Project("{FAE04EC0-301F-11D3-BF4B-00C04F79EFBC}") = "HelloUWP", "HelloUWP\HelloUWP.csproj", "{DF14ED4B-BAE1-4B70-AF4B-FCD86F3BEEDE}"
EndProject
Project("{9A19103F-16F7-4668-BE54-9A1E7A4F7556}") = "HelloUWP.Core", "HelloUWP.Core\HelloUWP.Core.csproj", "{A45B75CB-81C5-4E13-BB82-DBE36FC966E9}"
EndProject
Global
	GlobalSection(SolutionConfigurationPlatforms) = preSolution
		Debug|Any CPU = Debug|Any CPU
		Debug|ARM = Debug|ARM
		Debug|ARM64 = Debug|ARM64
		Debug|x64 = Debug|x64
		Debug|x86 = Debug|x86
		Release|Any CPU = Release|Any CPU
		Release|ARM = Release|ARM
		Release|ARM64 = Release|ARM64
		Release|x64 = Release|x64
		Release|x86 = Release|x86
	EndGlobalSection
	GlobalSection(ProjectConfigurationPlatforms) = postSolution
		{DF14ED4B-BAE1-4B70-AF4B-FCD86F3BEEDE}.Debug|Any CPU.ActiveCfg = Debug|x86
		{DF14ED4B-BAE1-4B70-AF4B-FCD86F3BEEDE}.Debug|ARM.ActiveCfg = Debug|ARM
		{DF14ED4B-BAE1-4B70-AF4B-FCD86F3BEEDE}.Debug|ARM.Build.0 = Debug|ARM
		{DF14ED4B-BAE1-4B70-AF4B-FCD86F3BEEDE}.Debug|ARM.Deploy.0 = Debug|ARM
		{DF14ED4B-BAE1-4B70-AF4B-FCD86F3BEEDE}.Debug|ARM64.ActiveCfg = Debug|ARM64
		{DF14ED4B-BAE1-4B70-AF4B-FCD86F3BEEDE}.Debug|ARM64.Build.0 = Debug|ARM64
		{DF14ED4B-BAE1-4B70-AF4B-FCD86F3BEEDE}.Debug|ARM64.Deploy.0 = Debug|ARM64
		{DF14ED4B-BAE1-4B70-AF4B-FCD86F3BEEDE}.Debug|x64.ActiveCfg = Debug|x64
		{DF14ED4B-BAE1-4B70-AF4B-FCD86F3BEEDE}.Debug|x64.Build.0 = Debug|x64
		{DF14ED4B-BAE1-4B70-AF4B-FCD86F3BEEDE}.Debug|x64.Deploy.0 = Debug|x64
		{DF14ED4B-BAE1-4B70-AF4B-FCD86F3BEEDE}.Debug|x86.ActiveCfg = Debug|x86
		{DF14ED4B-BAE1-4B70-AF4B-FCD86F3BEEDE}.Debug|x86.Build.0 = Debug|x86
		{DF14ED4B-BAE1-4B70-AF4B-FCD86F3BEEDE}.Debug|x86.Deploy.0 = Debug|x86
		{DF14ED4B-BAE1-4B70-AF4B-FCD86F3BEEDE}.Release|Any CPU.ActiveCfg = Release|x86
		{DF14ED4B-BAE1-4B70-AF4B-FCD86F3BEEDE}.Release|ARM.ActiveCfg = Release|ARM
		{DF14ED4B-BAE1-4B70-AF4B-FCD86F3BEEDE}.Release|ARM.Build.0 = Release|ARM
		{DF14ED4B-BAE1-4B70-AF4B-FCD86F3BEEDE}.Release|ARM.Deploy.0 = Release|ARM
		{DF14ED4B-BAE1-4B70-AF4B-FCD86F3BEEDE}.Release|ARM64.ActiveCfg = Release|ARM64
		{DF14ED4B-BAE1-4B70-AF4B-FCD86F3BEEDE}.Release|ARM64.Build.0 = Release|ARM64
		{DF14ED4B-BAE1-4B70-AF4B-FCD86F3BEEDE}.Release|ARM64.Deploy.0 = Release|ARM64
		{DF14ED4B-BAE1-4B70-AF4B-FCD86F3BEEDE}.Release|x64.ActiveCfg = Release|x64
		{DF14ED4B-BAE1-4B70-AF4B-FCD86F3BEEDE}.Release|x64.Build.0 = Release|x64
		{DF14ED4B-BAE1-4B70-AF4B-FCD86F3BEEDE}.Release|x64.Deploy.0 = Release|x64
		{DF14ED4B-BAE1-4B70-AF4B-FCD86F3BEEDE}.Release|x86.ActiveCfg = Release|x86
		{DF14ED4B-BAE1-4B70-AF4B-FCD86F3BEEDE}.Release|x86.Build.0 = Release|x86
		{DF14ED4B-BAE1-4B70-AF4B-FCD86F3BEEDE}.Release|x86.Deploy.0 = Release|x86
		{A45B75CB-81C5-4E13-BB82-DBE36FC966E9}.Debug|Any CPU.ActiveCfg = Debug|Any CPU
		{A45B75CB-81C5-4E13-BB82-DBE36FC966E9}.Debug|Any CPU.Build.0 = Debug|Any CPU
		{A45B75CB-81C5-4E13-BB82-DBE36FC966E9}.Debug|ARM.ActiveCfg = Debug|Any CPU
		{A45B75CB-81C5-4E13-BB82-DBE36FC966E9}.Debug|ARM.Build.0 = Debug|Any CPU
		{A45B75CB-81C5-4E13-BB82-DBE36FC966E9}.Debug|ARM64.ActiveCfg = Debug|Any CPU
		{A45B75CB-81C5-4E13-BB82-DBE36FC966E9}.Debug|ARM64.Build.0 = Debug|Any CPU
		{A45B75CB-81C5-4E13-BB82-DBE36FC966E9}.Debug|x64.ActiveCfg = Debug|Any CPU
		{A45B75CB-81C5-4E13-BB82-DBE36FC966E9}.Debug|x64.Build.0 = Debug|Any CPU
		{A45B75CB-81C5-4E13-BB82-DBE36FC966E9}.Debug|x86.ActiveCfg = Debug|Any CPU
		{A45B75CB-81C5-4E13-BB82-DBE36FC966E9}.Debug|x86.Build.0 = Debug|Any CPU
		{A45B75CB-81C5-4E13-BB82-DBE36FC966E9}.Release|Any CPU.ActiveCfg = Release|Any CPU
		{A45B75CB-81C5-4E13-BB82-DBE36FC966E9}.Release|Any CPU.Build.0 = Release|Any CPU
		{A45B75CB-81C5-4E13-BB82-DBE36FC966E9}.Release|ARM.ActiveCfg = Release|Any CPU
		{A45B75CB-81C5-4E13-BB82-DBE36FC966E9}.Release|ARM.Build.0 = Release|Any CPU
		{A45B75CB-81C5-4E13-BB82-DBE36FC966E9}.Release|ARM64.ActiveCfg = Release|Any CPU
		{A45B75CB-81C5-4E13-BB82-DBE36FC966E9}.Release|ARM64.Build.0 = Release|Any CPU
		{A45B75CB-81C5-4E13-BB82-DBE36FC966E9}.Release|x64.ActiveCfg = Release|Any CPU
		{A45B75CB-81C5-4E13-BB82-DBE36FC966E9}.Release|x64.Build.0 = Release|Any CPU
		{A45B75CB-81C5-4E13-BB82-DBE36FC966E9}.Release|x86.ActiveCfg = Release|Any CPU
		{A45B75CB-81C5-4E13-BB82-DBE36FC966E9}.Release|x86.Build.0 = Release|Any CPU
	EndGlobalSection
	GlobalSection(SolutionProperties) = preSolution
		HideSolutionNode = FALSE
	EndGlobalSection
	GlobalSection(ExtensibilityGlobals) = postSolution
		SolutionGuid = {369815DA-324D-4E55-A76C-B00E3F53C326}
	EndGlobalSection
EndGlobal
